
Microsoft Visual Studio Solution File, Format Version 12.00
# Visual Studio Version 17
VisualStudioVersion = 17.9.34616.47
MinimumVisualStudioVersion = 10.0.40219.1
Project("{FAE04EC0-301F-11D3-BF4B-00C04F79EFBC}") = "WebDS", "WebDS\WebDS.csproj", "{A47871B2-19A1-4D3A-A918-7CD806DBC574}"
EndProject
Global
	GlobalSection(SolutionConfigurationPlatforms) = preSolution
		Debug|Any CPU = Debug|Any CPU
		Release|Any CPU = Release|Any CPU
	EndGlobalSection
	GlobalSection(ProjectConfigurationPlatforms) = postSolution
		{A47871B2-19A1-4D3A-A918-7CD806DBC574}.Debug|Any CPU.ActiveCfg = Debug|Any CPU
		{A47871B2-19A1-4D3A-A918-7CD806DBC574}.Debug|Any CPU.Build.0 = Debug|Any CPU
		{A47871B2-19A1-4D3A-A918-7CD806DBC574}.Release|Any CPU.ActiveCfg = Release|Any CPU
		{A47871B2-19A1-4D3A-A918-7CD806DBC574}.Release|Any CPU.Build.0 = Release|Any CPU
	EndGlobalSection
	GlobalSection(SolutionProperties) = preSolution
		HideSolutionNode = FALSE
	EndGlobalSection
	GlobalSection(ExtensibilityGlobals) = postSolution
		SolutionGuid = {86904780-AB15-4F5C-8911-8FEF6F180ABF}
	EndGlobalSection
EndGlobal
